
Microsoft Visual Studio Solution File, Format Version 12.00
# Visual Studio Version 16
VisualStudioVersion = 16.0.30907.101
MinimumVisualStudioVersion = 10.0.40219.1
Project("{FAE04EC0-301F-11D3-BF4B-00C04F79EFBC}") = "BasketballTournament", "BasketballTournament\BasketballTournament.csproj", "{AC4B564F-0924-4A9A-BB75-0E0C6AB5AFD4}"
EndProject
Global
	GlobalSection(SolutionConfigurationPlatforms) = preSolution
		Debug|Any CPU = Debug|Any CPU
		Release|Any CPU = Release|Any CPU
	EndGlobalSection
	GlobalSection(ProjectConfigurationPlatforms) = postSolution
		{AC4B564F-0924-4A9A-BB75-0E0C6AB5AFD4}.Debug|Any CPU.ActiveCfg = Debug|Any CPU
		{AC4B564F-0924-4A9A-BB75-0E0C6AB5AFD4}.Debug|Any CPU.Build.0 = Debug|Any CPU
		{AC4B564F-0924-4A9A-BB75-0E0C6AB5AFD4}.Release|Any CPU.ActiveCfg = Release|Any CPU
		{AC4B564F-0924-4A9A-BB75-0E0C6AB5AFD4}.Release|Any CPU.Build.0 = Release|Any CPU
	EndGlobalSection
	GlobalSection(SolutionProperties) = preSolution
		HideSolutionNode = FALSE
	EndGlobalSection
	GlobalSection(ExtensibilityGlobals) = postSolution
		SolutionGuid = {026E7981-DB75-4C02-8209-DF848FB1A1AF}
	EndGlobalSection
EndGlobal
